
Microsoft Visual Studio Solution File, Format Version 12.00
# Visual Studio Version 16
VisualStudioVersion = 16.0.29306.81
MinimumVisualStudioVersion = 10.0.40219.1
Project("{FAE04EC0-301F-11D3-BF4B-00C04F79EFBC}") = "Calendar", "Calendar\Calendar.csproj", "{A3FA59B9-4B10-4555-B0B3-3025C04059F4}"
EndProject
Project("{FAE04EC0-301F-11D3-BF4B-00C04F79EFBC}") = "Gateway", "Gateway\Gateway.csproj", "{C232E3C6-4C89-4480-8D55-19B2B600E4D3}"
EndProject
Project("{FAE04EC0-301F-11D3-BF4B-00C04F79EFBC}") = "Authentication", "Authentication\Authentication.csproj", "{27827E59-0761-4AF1-AC2A-B89766DED85C}"
EndProject
Global
	GlobalSection(SolutionConfigurationPlatforms) = preSolution
		Debug|Any CPU = Debug|Any CPU
		Release|Any CPU = Release|Any CPU
	EndGlobalSection
	GlobalSection(ProjectConfigurationPlatforms) = postSolution
		{A3FA59B9-4B10-4555-B0B3-3025C04059F4}.Debug|Any CPU.ActiveCfg = Debug|Any CPU
		{A3FA59B9-4B10-4555-B0B3-3025C04059F4}.Debug|Any CPU.Build.0 = Debug|Any CPU
		{A3FA59B9-4B10-4555-B0B3-3025C04059F4}.Release|Any CPU.ActiveCfg = Release|Any CPU
		{A3FA59B9-4B10-4555-B0B3-3025C04059F4}.Release|Any CPU.Build.0 = Release|Any CPU
		{C232E3C6-4C89-4480-8D55-19B2B600E4D3}.Debug|Any CPU.ActiveCfg = Debug|Any CPU
		{C232E3C6-4C89-4480-8D55-19B2B600E4D3}.Debug|Any CPU.Build.0 = Debug|Any CPU
		{C232E3C6-4C89-4480-8D55-19B2B600E4D3}.Release|Any CPU.ActiveCfg = Release|Any CPU
		{C232E3C6-4C89-4480-8D55-19B2B600E4D3}.Release|Any CPU.Build.0 = Release|Any CPU
		{27827E59-0761-4AF1-AC2A-B89766DED85C}.Debug|Any CPU.ActiveCfg = Debug|Any CPU
		{27827E59-0761-4AF1-AC2A-B89766DED85C}.Debug|Any CPU.Build.0 = Debug|Any CPU
		{27827E59-0761-4AF1-AC2A-B89766DED85C}.Release|Any CPU.ActiveCfg = Release|Any CPU
		{27827E59-0761-4AF1-AC2A-B89766DED85C}.Release|Any CPU.Build.0 = Release|Any CPU
	EndGlobalSection
	GlobalSection(SolutionProperties) = preSolution
		HideSolutionNode = FALSE
	EndGlobalSection
	GlobalSection(ExtensibilityGlobals) = postSolution
		SolutionGuid = {F2C43E01-2FD6-4409-AD0B-27CE1CEB8FC8}
	EndGlobalSection
EndGlobal
